
Microsoft Visual Studio Solution File, Format Version 12.00
# Visual Studio Version 16
VisualStudioVersion = 16.0.31624.102
MinimumVisualStudioVersion = 10.0.40219.1
Project("{FAE04EC0-301F-11D3-BF4B-00C04F79EFBC}") = "Csharp-Task5-16", "Csharp-Task5-16\Csharp-Task5-16.csproj", "{B8CC2168-B173-4D1C-A24B-3AF47992A17A}"
EndProject
Global
	GlobalSection(SolutionConfigurationPlatforms) = preSolution
		Debug|Any CPU = Debug|Any CPU
		Release|Any CPU = Release|Any CPU
	EndGlobalSection
	GlobalSection(ProjectConfigurationPlatforms) = postSolution
		{B8CC2168-B173-4D1C-A24B-3AF47992A17A}.Debug|Any CPU.ActiveCfg = Debug|Any CPU
		{B8CC2168-B173-4D1C-A24B-3AF47992A17A}.Debug|Any CPU.Build.0 = Debug|Any CPU
		{B8CC2168-B173-4D1C-A24B-3AF47992A17A}.Release|Any CPU.ActiveCfg = Release|Any CPU
		{B8CC2168-B173-4D1C-A24B-3AF47992A17A}.Release|Any CPU.Build.0 = Release|Any CPU
	EndGlobalSection
	GlobalSection(SolutionProperties) = preSolution
		HideSolutionNode = FALSE
	EndGlobalSection
	GlobalSection(ExtensibilityGlobals) = postSolution
		SolutionGuid = {315AFC69-B5D7-443A-BFED-A6523B5E0B59}
	EndGlobalSection
EndGlobal
